// !$*UTF8*$!
{
	archiveVersion = 1;
	classes = {
	};
	objectVersion = 46;
	objects = {

/* Begin PBXBuildFile section */
		2D575B8A1D20489E00C347D5 /* BPVAlphabetSpec.m in Sources */ = {isa = PBXBuildFile; fileRef = 2D575B891D20489E00C347D5 /* BPVAlphabetSpec.m */; settings = {COMPILER_FLAGS = "-fno-objc-arc"; }; };
		2D7E10001D20463100620461 /* main.m in Sources */ = {isa = PBXBuildFile; fileRef = 2D7E0FC71D20463100620461 /* main.m */; };
		2D7E10021D20463100620461 /* BPVAlphabet.m in Sources */ = {isa = PBXBuildFile; fileRef = 2D7E0FCB1D20463100620461 /* BPVAlphabet.m */; };
		2D7E10041D20463100620461 /* NSString+BPVExtensions.m in Sources */ = {isa = PBXBuildFile; fileRef = 2D7E0FCD1D20463100620461 /* NSString+BPVExtensions.m */; };
		2D7E10061D20463100620461 /* BPVClusterAlphabet.m in Sources */ = {isa = PBXBuildFile; fileRef = 2D7E0FD01D20463100620461 /* BPVClusterAlphabet.m */; };
		2D7E10081D20463100620461 /* BPVRangeAlphabet.m in Sources */ = {isa = PBXBuildFile; fileRef = 2D7E0FD21D20463100620461 /* BPVRangeAlphabet.m */; };
		2D7E10091D20463100620461 /* BPVRangeAlphabet.m in Sources */ = {isa = PBXBuildFile; fileRef = 2D7E0FD21D20463100620461 /* BPVRangeAlphabet.m */; settings = {COMPILER_FLAGS = "-fno-objc-arc"; }; };
		2D7E100A1D20463100620461 /* BPVStringsAlphabet.m in Sources */ = {isa = PBXBuildFile; fileRef = 2D7E0FD41D20463100620461 /* BPVStringsAlphabet.m */; };
		2D7E100B1D20463100620461 /* BPVStringsAlphabet.m in Sources */ = {isa = PBXBuildFile; fileRef = 2D7E0FD41D20463100620461 /* BPVStringsAlphabet.m */; settings = {COMPILER_FLAGS = "-fno-objc-arc"; }; };
		2D7E100E1D20463100620461 /* BPVCar.m in Sources */ = {isa = PBXBuildFile; fileRef = 2D7E0FDC1D20463100620461 /* BPVCar.m */; };
		2D7E100F1D20463100620461 /* BPVCar.m in Sources */ = {isa = PBXBuildFile; fileRef = 2D7E0FDC1D20463100620461 /* BPVCar.m */; settings = {COMPILER_FLAGS = "-fno-objc-arc"; }; };
		2D7E10101D20463100620461 /* BPVComplex.m in Sources */ = {isa = PBXBuildFile; fileRef = 2D7E0FDF1D20463100620461 /* BPVComplex.m */; };
		2D7E10111D20463100620461 /* BPVComplex.m in Sources */ = {isa = PBXBuildFile; fileRef = 2D7E0FDF1D20463100620461 /* BPVComplex.m */; settings = {COMPILER_FLAGS = "-fno-objc-arc"; }; };
		2D7E10121D20463100620461 /* BPVQueue.m in Sources */ = {isa = PBXBuildFile; fileRef = 2D7E0FE21D20463100620461 /* BPVQueue.m */; };
		2D7E10131D20463100620461 /* BPVQueue.m in Sources */ = {isa = PBXBuildFile; fileRef = 2D7E0FE21D20463100620461 /* BPVQueue.m */; settings = {COMPILER_FLAGS = "-fno-objc-arc"; }; };
		2D7E10181D20463100620461 /* BPVAccountant.m in Sources */ = {isa = PBXBuildFile; fileRef = 2D7E0FEA1D20463100620461 /* BPVAccountant.m */; };
		2D7E10191D20463100620461 /* BPVAccountant.m in Sources */ = {isa = PBXBuildFile; fileRef = 2D7E0FEA1D20463100620461 /* BPVAccountant.m */; settings = {COMPILER_FLAGS = "-fno-objc-arc"; }; };
		2D7E101A1D20463100620461 /* BPVDirector.m in Sources */ = {isa = PBXBuildFile; fileRef = 2D7E0FEC1D20463100620461 /* BPVDirector.m */; };
		2D7E101B1D20463100620461 /* BPVDirector.m in Sources */ = {isa = PBXBuildFile; fileRef = 2D7E0FEC1D20463100620461 /* BPVDirector.m */; settings = {COMPILER_FLAGS = "-fno-objc-arc"; }; };
		2D7E101C1D20463100620461 /* BPVWasher.m in Sources */ = {isa = PBXBuildFile; fileRef = 2D7E0FEE1D20463100620461 /* BPVWasher.m */; };
		2D7E101D1D20463100620461 /* BPVWasher.m in Sources */ = {isa = PBXBuildFile; fileRef = 2D7E0FEE1D20463100620461 /* BPVWasher.m */; settings = {COMPILER_FLAGS = "-fno-objc-arc"; }; };
		2D7E101E1D20463100620461 /* BPVWorker.m in Sources */ = {isa = PBXBuildFile; fileRef = 2D7E0FF01D20463100620461 /* BPVWorker.m */; };
		2D7E101F1D20463100620461 /* BPVWorker.m in Sources */ = {isa = PBXBuildFile; fileRef = 2D7E0FF01D20463100620461 /* BPVWorker.m */; settings = {COMPILER_FLAGS = "-fno-objc-arc"; }; };
		2D7E10201D20463100620461 /* NSArray+BPVExtensions.m in Sources */ = {isa = PBXBuildFile; fileRef = 2D7E0FF31D20463100620461 /* NSArray+BPVExtensions.m */; };
		2D7E10211D20463100620461 /* NSArray+BPVExtensions.m in Sources */ = {isa = PBXBuildFile; fileRef = 2D7E0FF31D20463100620461 /* NSArray+BPVExtensions.m */; settings = {COMPILER_FLAGS = "-fno-objc-arc"; }; };
		2D7E10221D20463100620461 /* NSObject+BPVExtensions.m in Sources */ = {isa = PBXBuildFile; fileRef = 2D7E0FF51D20463100620461 /* NSObject+BPVExtensions.m */; };
		2D7E10231D20463100620461 /* NSObject+BPVExtensions.m in Sources */ = {isa = PBXBuildFile; fileRef = 2D7E0FF51D20463100620461 /* NSObject+BPVExtensions.m */; settings = {COMPILER_FLAGS = "-fno-objc-arc"; }; };
		2D7E10241D20463100620461 /* BPVCreature.m in Sources */ = {isa = PBXBuildFile; fileRef = 2D7E0FF81D20463100620461 /* BPVCreature.m */; };
		2D7E10251D20463100620461 /* BPVCreature.m in Sources */ = {isa = PBXBuildFile; fileRef = 2D7E0FF81D20463100620461 /* BPVCreature.m */; settings = {COMPILER_FLAGS = "-fno-objc-arc"; }; };
		2D7E10261D20463100620461 /* BPVCreatureFemale.m in Sources */ = {isa = PBXBuildFile; fileRef = 2D7E0FFA1D20463100620461 /* BPVCreatureFemale.m */; };
		2D7E10271D20463100620461 /* BPVCreatureFemale.m in Sources */ = {isa = PBXBuildFile; fileRef = 2D7E0FFA1D20463100620461 /* BPVCreatureFemale.m */; settings = {COMPILER_FLAGS = "-fno-objc-arc"; }; };
		2D7E10281D20463100620461 /* BPVCreatureMale.m in Sources */ = {isa = PBXBuildFile; fileRef = 2D7E0FFC1D20463100620461 /* BPVCreatureMale.m */; };
		2D7E10291D20463100620461 /* BPVCreatureMale.m in Sources */ = {isa = PBXBuildFile; fileRef = 2D7E0FFC1D20463100620461 /* BPVCreatureMale.m */; settings = {COMPILER_FLAGS = "-fno-objc-arc"; }; };
		2DE716CB1D204E1100562950 /* BPVClusterAlphabet.m in Sources */ = {isa = PBXBuildFile; fileRef = 2D7E0FD01D20463100620461 /* BPVClusterAlphabet.m */; settings = {COMPILER_FLAGS = "-fno-objc-arc"; }; };
		2DE716CC1D204E1600562950 /* NSString+BPVExtensions.m in Sources */ = {isa = PBXBuildFile; fileRef = 2D7E0FCD1D20463100620461 /* NSString+BPVExtensions.m */; settings = {COMPILER_FLAGS = "-fno-objc-arc"; }; };
		2DE716D71D2271D900562950 /* BPVAlphabet.m in Sources */ = {isa = PBXBuildFile; fileRef = 2D7E0FCB1D20463100620461 /* BPVAlphabet.m */; settings = {COMPILER_FLAGS = "-fno-objc-arc"; }; };
		2DE716DB1D2272B600562950 /* BPVObservableObject.m in Sources */ = {isa = PBXBuildFile; fileRef = 2DE716DA1D2272B600562950 /* BPVObservableObject.m */; };
		2DE716DC1D2272B600562950 /* BPVObservableObject.m in Sources */ = {isa = PBXBuildFile; fileRef = 2DE716DA1D2272B600562950 /* BPVObservableObject.m */; settings = {COMPILER_FLAGS = "-fno-objc-arc"; }; };
		2DE716DE1D227D9000562950 /* Info.plist in Resources */ = {isa = PBXBuildFile; fileRef = 2D7E0FC01D20461C00620461 /* Info.plist */; };
		2DE716E21D22C0CD00562950 /* BPVReference.m in Sources */ = {isa = PBXBuildFile; fileRef = 2DE716E11D22C0CD00562950 /* BPVReference.m */; };
		2DE716E31D22C0CD00562950 /* BPVReference.m in Sources */ = {isa = PBXBuildFile; fileRef = 2DE716E11D22C0CD00562950 /* BPVReference.m */; settings = {COMPILER_FLAGS = "-fno-objc-arc"; }; };
		2DE716E61D22C0F000562950 /* BPVAssingReference.m in Sources */ = {isa = PBXBuildFile; fileRef = 2DE716E51D22C0F000562950 /* BPVAssingReference.m */; };
		2DE716E71D22C0F000562950 /* BPVAssingReference.m in Sources */ = {isa = PBXBuildFile; fileRef = 2DE716E51D22C0F000562950 /* BPVAssingReference.m */; settings = {COMPILER_FLAGS = "-fno-objc-arc"; }; };
		2DE716EA1D22C10000562950 /* BPVCopyReference.m in Sources */ = {isa = PBXBuildFile; fileRef = 2DE716E91D22C10000562950 /* BPVCopyReference.m */; };
		2DE716EB1D22C10000562950 /* BPVCopyReference.m in Sources */ = {isa = PBXBuildFile; fileRef = 2DE716E91D22C10000562950 /* BPVCopyReference.m */; settings = {COMPILER_FLAGS = "-fno-objc-arc"; }; };
		2DE716EE1D22C13100562950 /* BPVRetainReference.m in Sources */ = {isa = PBXBuildFile; fileRef = 2DE716ED1D22C13100562950 /* BPVRetainReference.m */; };
		2DE716EF1D22C13100562950 /* BPVRetainReference.m in Sources */ = {isa = PBXBuildFile; fileRef = 2DE716ED1D22C13100562950 /* BPVRetainReference.m */; settings = {COMPILER_FLAGS = "-fno-objc-arc"; }; };
		2DEFC4411D37B1DF0025C7B9 /* BPVWorkersDispatcher.m in Sources */ = {isa = PBXBuildFile; fileRef = 2DEFC4401D37B1DF0025C7B9 /* BPVWorkersDispatcher.m */; };
		2DEFC4421D37B1DF0025C7B9 /* BPVWorkersDispatcher.m in Sources */ = {isa = PBXBuildFile; fileRef = 2DEFC4401D37B1DF0025C7B9 /* BPVWorkersDispatcher.m */; settings = {COMPILER_FLAGS = "-fno-objc-arc"; }; };
		2DEFC4491D38E4880025C7B9 /* BPVComplexDispatcher.m in Sources */ = {isa = PBXBuildFile; fileRef = 2DEFC4481D38E4880025C7B9 /* BPVComplexDispatcher.m */; };
		2DEFC44D1D3CEE7E0025C7B9 /* BPVGCD.m in Sources */ = {isa = PBXBuildFile; fileRef = 2DEFC44C1D3CEE7E0025C7B9 /* BPVGCD.m */; };
		2DEFC44E1D3CEE7E0025C7B9 /* BPVGCD.m in Sources */ = {isa = PBXBuildFile; fileRef = 2DEFC44C1D3CEE7E0025C7B9 /* BPVGCD.m */; };
		9C6DF33F32A0D137E49399EC /* libPods-ObjectiveCTests.a in Frameworks */ = {isa = PBXBuildFile; fileRef = 5EEAF618C12477490D1782A7 /* libPods-ObjectiveCTests.a */; };
/* End PBXBuildFile section */

/* Begin PBXCopyFilesBuildPhase section */
		2D7E0DFB1D0ACB1600620461 /* CopyFiles */ = {
			isa = PBXCopyFilesBuildPhase;
			buildActionMask = 2147483647;
			dstPath = /usr/share/man/man1/;
			dstSubfolderSpec = 0;
			files = (
			);
			runOnlyForDeploymentPostprocessing = 1;
		};
/* End PBXCopyFilesBuildPhase section */

/* Begin PBXFileReference section */
		2D575B891D20489E00C347D5 /* BPVAlphabetSpec.m */ = {isa = PBXFileReference; fileEncoding = 4; lastKnownFileType = sourcecode.c.objc; path = BPVAlphabetSpec.m; sourceTree = "<group>"; };
		2D7E0DFD1D0ACB1600620461 /* BPVObjectiveC */ = {isa = PBXFileReference; explicitFileType = "compiled.mach-o.executable"; includeInIndex = 0; path = BPVObjectiveC; sourceTree = BUILT_PRODUCTS_DIR; };
		2D7E0F531D2043E200620461 /* ObjectiveCTests.xctest */ = {isa = PBXFileReference; explicitFileType = wrapper.cfbundle; includeInIndex = 0; path = ObjectiveCTests.xctest; sourceTree = BUILT_PRODUCTS_DIR; };
		2D7E0FC01D20461C00620461 /* Info.plist */ = {isa = PBXFileReference; fileEncoding = 4; lastKnownFileType = text.plist.xml; path = Info.plist; sourceTree = "<group>"; };
		2D7E0FC71D20463100620461 /* main.m */ = {isa = PBXFileReference; fileEncoding = 4; lastKnownFileType = sourcecode.c.objc; path = main.m; sourceTree = "<group>"; };
		2D7E0FCA1D20463100620461 /* BPVAlphabet.h */ = {isa = PBXFileReference; fileEncoding = 4; lastKnownFileType = sourcecode.c.h; path = BPVAlphabet.h; sourceTree = "<group>"; };
		2D7E0FCB1D20463100620461 /* BPVAlphabet.m */ = {isa = PBXFileReference; fileEncoding = 4; lastKnownFileType = sourcecode.c.objc; path = BPVAlphabet.m; sourceTree = "<group>"; };
		2D7E0FCC1D20463100620461 /* NSString+BPVExtensions.h */ = {isa = PBXFileReference; fileEncoding = 4; lastKnownFileType = sourcecode.c.h; path = "NSString+BPVExtensions.h"; sourceTree = "<group>"; };
		2D7E0FCD1D20463100620461 /* NSString+BPVExtensions.m */ = {isa = PBXFileReference; fileEncoding = 4; lastKnownFileType = sourcecode.c.objc; path = "NSString+BPVExtensions.m"; sourceTree = "<group>"; };
		2D7E0FCF1D20463100620461 /* BPVClusterAlphabet.h */ = {isa = PBXFileReference; fileEncoding = 4; lastKnownFileType = sourcecode.c.h; path = BPVClusterAlphabet.h; sourceTree = "<group>"; };
		2D7E0FD01D20463100620461 /* BPVClusterAlphabet.m */ = {isa = PBXFileReference; fileEncoding = 4; lastKnownFileType = sourcecode.c.objc; path = BPVClusterAlphabet.m; sourceTree = "<group>"; };
		2D7E0FD11D20463100620461 /* BPVRangeAlphabet.h */ = {isa = PBXFileReference; fileEncoding = 4; lastKnownFileType = sourcecode.c.h; path = BPVRangeAlphabet.h; sourceTree = "<group>"; };
		2D7E0FD21D20463100620461 /* BPVRangeAlphabet.m */ = {isa = PBXFileReference; fileEncoding = 4; lastKnownFileType = sourcecode.c.objc; path = BPVRangeAlphabet.m; sourceTree = "<group>"; };
		2D7E0FD31D20463100620461 /* BPVStringsAlphabet.h */ = {isa = PBXFileReference; fileEncoding = 4; lastKnownFileType = sourcecode.c.h; path = BPVStringsAlphabet.h; sourceTree = "<group>"; };
		2D7E0FD41D20463100620461 /* BPVStringsAlphabet.m */ = {isa = PBXFileReference; fileEncoding = 4; lastKnownFileType = sourcecode.c.objc; path = BPVStringsAlphabet.m; sourceTree = "<group>"; };
		2D7E0FDB1D20463100620461 /* BPVCar.h */ = {isa = PBXFileReference; fileEncoding = 4; lastKnownFileType = sourcecode.c.h; path = BPVCar.h; sourceTree = "<group>"; };
		2D7E0FDC1D20463100620461 /* BPVCar.m */ = {isa = PBXFileReference; fileEncoding = 4; lastKnownFileType = sourcecode.c.objc; path = BPVCar.m; sourceTree = "<group>"; };
		2D7E0FDE1D20463100620461 /* BPVComplex.h */ = {isa = PBXFileReference; fileEncoding = 4; lastKnownFileType = sourcecode.c.h; path = BPVComplex.h; sourceTree = "<group>"; };
		2D7E0FDF1D20463100620461 /* BPVComplex.m */ = {isa = PBXFileReference; fileEncoding = 4; lastKnownFileType = sourcecode.c.objc; path = BPVComplex.m; sourceTree = "<group>"; };
		2D7E0FE11D20463100620461 /* BPVQueue.h */ = {isa = PBXFileReference; fileEncoding = 4; lastKnownFileType = sourcecode.c.h; path = BPVQueue.h; sourceTree = "<group>"; };
		2D7E0FE21D20463100620461 /* BPVQueue.m */ = {isa = PBXFileReference; fileEncoding = 4; lastKnownFileType = sourcecode.c.objc; path = BPVQueue.m; sourceTree = "<group>"; };
		2D7E0FE91D20463100620461 /* BPVAccountant.h */ = {isa = PBXFileReference; fileEncoding = 4; lastKnownFileType = sourcecode.c.h; path = BPVAccountant.h; sourceTree = "<group>"; };
		2D7E0FEA1D20463100620461 /* BPVAccountant.m */ = {isa = PBXFileReference; fileEncoding = 4; lastKnownFileType = sourcecode.c.objc; path = BPVAccountant.m; sourceTree = "<group>"; };
		2D7E0FEB1D20463100620461 /* BPVDirector.h */ = {isa = PBXFileReference; fileEncoding = 4; lastKnownFileType = sourcecode.c.h; path = BPVDirector.h; sourceTree = "<group>"; };
		2D7E0FEC1D20463100620461 /* BPVDirector.m */ = {isa = PBXFileReference; fileEncoding = 4; lastKnownFileType = sourcecode.c.objc; path = BPVDirector.m; sourceTree = "<group>"; };
		2D7E0FED1D20463100620461 /* BPVWasher.h */ = {isa = PBXFileReference; fileEncoding = 4; lastKnownFileType = sourcecode.c.h; path = BPVWasher.h; sourceTree = "<group>"; };
		2D7E0FEE1D20463100620461 /* BPVWasher.m */ = {isa = PBXFileReference; fileEncoding = 4; lastKnownFileType = sourcecode.c.objc; path = BPVWasher.m; sourceTree = "<group>"; };
		2D7E0FEF1D20463100620461 /* BPVWorker.h */ = {isa = PBXFileReference; fileEncoding = 4; lastKnownFileType = sourcecode.c.h; path = BPVWorker.h; sourceTree = "<group>"; };
		2D7E0FF01D20463100620461 /* BPVWorker.m */ = {isa = PBXFileReference; fileEncoding = 4; lastKnownFileType = sourcecode.c.objc; path = BPVWorker.m; sourceTree = "<group>"; };
		2D7E0FF21D20463100620461 /* NSArray+BPVExtensions.h */ = {isa = PBXFileReference; fileEncoding = 4; lastKnownFileType = sourcecode.c.h; path = "NSArray+BPVExtensions.h"; sourceTree = "<group>"; };
		2D7E0FF31D20463100620461 /* NSArray+BPVExtensions.m */ = {isa = PBXFileReference; fileEncoding = 4; lastKnownFileType = sourcecode.c.objc; path = "NSArray+BPVExtensions.m"; sourceTree = "<group>"; };
		2D7E0FF41D20463100620461 /* NSObject+BPVExtensions.h */ = {isa = PBXFileReference; fileEncoding = 4; lastKnownFileType = sourcecode.c.h; path = "NSObject+BPVExtensions.h"; sourceTree = "<group>"; };
		2D7E0FF51D20463100620461 /* NSObject+BPVExtensions.m */ = {isa = PBXFileReference; fileEncoding = 4; lastKnownFileType = sourcecode.c.objc; path = "NSObject+BPVExtensions.m"; sourceTree = "<group>"; };
		2D7E0FF71D20463100620461 /* BPVCreature.h */ = {isa = PBXFileReference; fileEncoding = 4; lastKnownFileType = sourcecode.c.h; path = BPVCreature.h; sourceTree = "<group>"; };
		2D7E0FF81D20463100620461 /* BPVCreature.m */ = {isa = PBXFileReference; fileEncoding = 4; lastKnownFileType = sourcecode.c.objc; path = BPVCreature.m; sourceTree = "<group>"; };
		2D7E0FF91D20463100620461 /* BPVCreatureFemale.h */ = {isa = PBXFileReference; fileEncoding = 4; lastKnownFileType = sourcecode.c.h; path = BPVCreatureFemale.h; sourceTree = "<group>"; };
		2D7E0FFA1D20463100620461 /* BPVCreatureFemale.m */ = {isa = PBXFileReference; fileEncoding = 4; lastKnownFileType = sourcecode.c.objc; path = BPVCreatureFemale.m; sourceTree = "<group>"; };
		2D7E0FFB1D20463100620461 /* BPVCreatureMale.h */ = {isa = PBXFileReference; fileEncoding = 4; lastKnownFileType = sourcecode.c.h; path = BPVCreatureMale.h; sourceTree = "<group>"; };
		2D7E0FFC1D20463100620461 /* BPVCreatureMale.m */ = {isa = PBXFileReference; fileEncoding = 4; lastKnownFileType = sourcecode.c.objc; path = BPVCreatureMale.m; sourceTree = "<group>"; };
		2DE716D11D2168AA00562950 /* BPVMoneyFlow.h */ = {isa = PBXFileReference; fileEncoding = 4; lastKnownFileType = sourcecode.c.h; path = BPVMoneyFlow.h; sourceTree = "<group>"; };
		2DE716D21D2168AA00562950 /* BPVWorkersDelegate.h */ = {isa = PBXFileReference; fileEncoding = 4; lastKnownFileType = sourcecode.c.h; path = BPVWorkersDelegate.h; sourceTree = "<group>"; };
		2DE716D91D2272B600562950 /* BPVObservableObject.h */ = {isa = PBXFileReference; fileEncoding = 4; lastKnownFileType = sourcecode.c.h; path = BPVObservableObject.h; sourceTree = "<group>"; };
		2DE716DA1D2272B600562950 /* BPVObservableObject.m */ = {isa = PBXFileReference; fileEncoding = 4; lastKnownFileType = sourcecode.c.objc; path = BPVObservableObject.m; sourceTree = "<group>"; };
		2DE716E01D22C0CD00562950 /* BPVReference.h */ = {isa = PBXFileReference; fileEncoding = 4; lastKnownFileType = sourcecode.c.h; path = BPVReference.h; sourceTree = "<group>"; };
		2DE716E11D22C0CD00562950 /* BPVReference.m */ = {isa = PBXFileReference; fileEncoding = 4; lastKnownFileType = sourcecode.c.objc; path = BPVReference.m; sourceTree = "<group>"; };
		2DE716E41D22C0F000562950 /* BPVAssingReference.h */ = {isa = PBXFileReference; fileEncoding = 4; lastKnownFileType = sourcecode.c.h; path = BPVAssingReference.h; sourceTree = "<group>"; };
		2DE716E51D22C0F000562950 /* BPVAssingReference.m */ = {isa = PBXFileReference; fileEncoding = 4; lastKnownFileType = sourcecode.c.objc; path = BPVAssingReference.m; sourceTree = "<group>"; };
		2DE716E81D22C10000562950 /* BPVCopyReference.h */ = {isa = PBXFileReference; fileEncoding = 4; lastKnownFileType = sourcecode.c.h; path = BPVCopyReference.h; sourceTree = "<group>"; };
		2DE716E91D22C10000562950 /* BPVCopyReference.m */ = {isa = PBXFileReference; fileEncoding = 4; lastKnownFileType = sourcecode.c.objc; path = BPVCopyReference.m; sourceTree = "<group>"; };
		2DE716EC1D22C13100562950 /* BPVRetainReference.h */ = {isa = PBXFileReference; fileEncoding = 4; lastKnownFileType = sourcecode.c.h; path = BPVRetainReference.h; sourceTree = "<group>"; };
		2DE716ED1D22C13100562950 /* BPVRetainReference.m */ = {isa = PBXFileReference; fileEncoding = 4; lastKnownFileType = sourcecode.c.objc; path = BPVRetainReference.m; sourceTree = "<group>"; };
		2DEFC43F1D37B1DF0025C7B9 /* BPVWorkersDispatcher.h */ = {isa = PBXFileReference; fileEncoding = 4; lastKnownFileType = sourcecode.c.h; path = BPVWorkersDispatcher.h; sourceTree = "<group>"; };
		2DEFC4401D37B1DF0025C7B9 /* BPVWorkersDispatcher.m */ = {isa = PBXFileReference; fileEncoding = 4; lastKnownFileType = sourcecode.c.objc; path = BPVWorkersDispatcher.m; sourceTree = "<group>"; };
		2DEFC4471D38E4880025C7B9 /* BPVComplexDispatcher.h */ = {isa = PBXFileReference; fileEncoding = 4; lastKnownFileType = sourcecode.c.h; path = BPVComplexDispatcher.h; sourceTree = "<group>"; };
		2DEFC4481D38E4880025C7B9 /* BPVComplexDispatcher.m */ = {isa = PBXFileReference; fileEncoding = 4; lastKnownFileType = sourcecode.c.objc; path = BPVComplexDispatcher.m; sourceTree = "<group>"; };
		2DEFC44B1D3CEE7E0025C7B9 /* BPVGCD.h */ = {isa = PBXFileReference; fileEncoding = 4; lastKnownFileType = sourcecode.c.h; path = BPVGCD.h; sourceTree = "<group>"; };
		2DEFC44C1D3CEE7E0025C7B9 /* BPVGCD.m */ = {isa = PBXFileReference; fileEncoding = 4; lastKnownFileType = sourcecode.c.objc; path = BPVGCD.m; sourceTree = "<group>"; };
		49FF2E6285CB975692737E08 /* Pods-ObjectiveCTests.debug.xcconfig */ = {isa = PBXFileReference; includeInIndex = 1; lastKnownFileType = text.xcconfig; name = "Pods-ObjectiveCTests.debug.xcconfig"; path = "Pods/Target Support Files/Pods-ObjectiveCTests/Pods-ObjectiveCTests.debug.xcconfig"; sourceTree = "<group>"; };
		58C5E08252656B7E6D831DCE /* Pods-ObjectiveCTests.release.xcconfig */ = {isa = PBXFileReference; includeInIndex = 1; lastKnownFileType = text.xcconfig; name = "Pods-ObjectiveCTests.release.xcconfig"; path = "Pods/Target Support Files/Pods-ObjectiveCTests/Pods-ObjectiveCTests.release.xcconfig"; sourceTree = "<group>"; };
		5EEAF618C12477490D1782A7 /* libPods-ObjectiveCTests.a */ = {isa = PBXFileReference; explicitFileType = archive.ar; includeInIndex = 0; path = "libPods-ObjectiveCTests.a"; sourceTree = BUILT_PRODUCTS_DIR; };
/* End PBXFileReference section */

/* Begin PBXFrameworksBuildPhase section */
		2D7E0DFA1D0ACB1600620461 /* Frameworks */ = {
			isa = PBXFrameworksBuildPhase;
			buildActionMask = 2147483647;
			files = (
			);
			runOnlyForDeploymentPostprocessing = 0;
		};
		2D7E0F501D2043E200620461 /* Frameworks */ = {
			isa = PBXFrameworksBuildPhase;
			buildActionMask = 2147483647;
			files = (
				9C6DF33F32A0D137E49399EC /* libPods-ObjectiveCTests.a in Frameworks */,
			);
			runOnlyForDeploymentPostprocessing = 0;
		};
/* End PBXFrameworksBuildPhase section */

/* Begin PBXGroup section */
		2D575B881D20489E00C347D5 /* Specs */ = {
			isa = PBXGroup;
			children = (
				2D575B891D20489E00C347D5 /* BPVAlphabetSpec.m */,
			);
			path = Specs;
			sourceTree = "<group>";
		};
		2D7E0DF41D0ACB1600620461 = {
			isa = PBXGroup;
			children = (
				2D7E0FC61D20463100620461 /* BPVObjectiveC */,
				2D7E0FBF1D20461C00620461 /* ObjectiveCTests */,
				2D7E0DFE1D0ACB1600620461 /* Products */,
				403D26315F435E94D2E417E3 /* Pods */,
				6694D8F27E2D2AAF5D326A11 /* Frameworks */,
			);
			sourceTree = "<group>";
		};
		2D7E0DFE1D0ACB1600620461 /* Products */ = {
			isa = PBXGroup;
			children = (
				2D7E0DFD1D0ACB1600620461 /* BPVObjectiveC */,
				2D7E0F531D2043E200620461 /* ObjectiveCTests.xctest */,
			);
			name = Products;
			sourceTree = "<group>";
		};
		2D7E0FBF1D20461C00620461 /* ObjectiveCTests */ = {
			isa = PBXGroup;
			children = (
				2D575B881D20489E00C347D5 /* Specs */,
				2D7E0FC01D20461C00620461 /* Info.plist */,
			);
			path = ObjectiveCTests;
			sourceTree = "<group>";
		};
		2D7E0FC61D20463100620461 /* BPVObjectiveC */ = {
			isa = PBXGroup;
			children = (
				2D7E0FC71D20463100620461 /* main.m */,
				2D7E0FC81D20463100620461 /* Sources */,
			);
			path = BPVObjectiveC;
			sourceTree = "<group>";
		};
		2D7E0FC81D20463100620461 /* Sources */ = {
			isa = PBXGroup;
			children = (
				2DE716DF1D22C0B400562950 /* Reference */,
				2D7E0FC91D20463100620461 /* Alphabet */,
				2DEFC44A1D3CEE480025C7B9 /* GCD */,
				2D7E0FD51D20463100620461 /* CarWash */,
				2D7E0FF11D20463100620461 /* Category */,
				2D7E0FF61D20463100620461 /* Creature */,
				2D7E0FFD1D20463100620461 /* Tests */,
			);
			path = Sources;
			sourceTree = "<group>";
		};
		2D7E0FC91D20463100620461 /* Alphabet */ = {
			isa = PBXGroup;
			children = (
				2D7E0FCA1D20463100620461 /* BPVAlphabet.h */,
				2D7E0FCB1D20463100620461 /* BPVAlphabet.m */,
				2D7E0FCC1D20463100620461 /* NSString+BPVExtensions.h */,
				2D7E0FCD1D20463100620461 /* NSString+BPVExtensions.m */,
				2D7E0FCE1D20463100620461 /* Private */,
			);
			path = Alphabet;
			sourceTree = "<group>";
		};
		2D7E0FCE1D20463100620461 /* Private */ = {
			isa = PBXGroup;
			children = (
				2D7E0FCF1D20463100620461 /* BPVClusterAlphabet.h */,
				2D7E0FD01D20463100620461 /* BPVClusterAlphabet.m */,
				2D7E0FD11D20463100620461 /* BPVRangeAlphabet.h */,
				2D7E0FD21D20463100620461 /* BPVRangeAlphabet.m */,
				2D7E0FD31D20463100620461 /* BPVStringsAlphabet.h */,
				2D7E0FD41D20463100620461 /* BPVStringsAlphabet.m */,
			);
			path = Private;
			sourceTree = "<group>";
		};
		2D7E0FD51D20463100620461 /* CarWash */ = {
			isa = PBXGroup;
			children = (
				2DE716D81D2272B600562950 /* BPVObservableObject */,
				2DE716D01D2168AA00562950 /* Protocols */,
				2D7E0FE01D20463100620461 /* Queue */,
				2D7E0FDA1D20463100620461 /* Car */,
				2DEFC43E1D37B1A20025C7B9 /* Dispatchers */,
				2D7E0FDD1D20463100620461 /* Complex */,
				2D7E0FE81D20463100620461 /* Workers */,
			);
			path = CarWash;
			sourceTree = "<group>";
		};
		2D7E0FDA1D20463100620461 /* Car */ = {
			isa = PBXGroup;
			children = (
				2D7E0FDB1D20463100620461 /* BPVCar.h */,
				2D7E0FDC1D20463100620461 /* BPVCar.m */,
			);
			path = Car;
			sourceTree = "<group>";
		};
		2D7E0FDD1D20463100620461 /* Complex */ = {
			isa = PBXGroup;
			children = (
				2D7E0FDE1D20463100620461 /* BPVComplex.h */,
				2D7E0FDF1D20463100620461 /* BPVComplex.m */,
			);
			path = Complex;
			sourceTree = "<group>";
		};
		2D7E0FE01D20463100620461 /* Queue */ = {
			isa = PBXGroup;
			children = (
				2D7E0FE11D20463100620461 /* BPVQueue.h */,
				2D7E0FE21D20463100620461 /* BPVQueue.m */,
			);
			path = Queue;
			sourceTree = "<group>";
		};
		2D7E0FE81D20463100620461 /* Workers */ = {
			isa = PBXGroup;
			children = (
				2D7E0FEF1D20463100620461 /* BPVWorker.h */,
				2D7E0FF01D20463100620461 /* BPVWorker.m */,
				2D7E0FEB1D20463100620461 /* BPVDirector.h */,
				2D7E0FEC1D20463100620461 /* BPVDirector.m */,
				2D7E0FE91D20463100620461 /* BPVAccountant.h */,
				2D7E0FEA1D20463100620461 /* BPVAccountant.m */,
				2D7E0FED1D20463100620461 /* BPVWasher.h */,
				2D7E0FEE1D20463100620461 /* BPVWasher.m */,
			);
			path = Workers;
			sourceTree = "<group>";
		};
		2D7E0FF11D20463100620461 /* Category */ = {
			isa = PBXGroup;
			children = (
				2D7E0FF21D20463100620461 /* NSArray+BPVExtensions.h */,
				2D7E0FF31D20463100620461 /* NSArray+BPVExtensions.m */,
				2D7E0FF41D20463100620461 /* NSObject+BPVExtensions.h */,
				2D7E0FF51D20463100620461 /* NSObject+BPVExtensions.m */,
			);
			path = Category;
			sourceTree = "<group>";
		};
		2D7E0FF61D20463100620461 /* Creature */ = {
			isa = PBXGroup;
			children = (
				2D7E0FF71D20463100620461 /* BPVCreature.h */,
				2D7E0FF81D20463100620461 /* BPVCreature.m */,
				2D7E0FF91D20463100620461 /* BPVCreatureFemale.h */,
				2D7E0FFA1D20463100620461 /* BPVCreatureFemale.m */,
				2D7E0FFB1D20463100620461 /* BPVCreatureMale.h */,
				2D7E0FFC1D20463100620461 /* BPVCreatureMale.m */,
			);
			path = Creature;
			sourceTree = "<group>";
		};
		2D7E0FFD1D20463100620461 /* Tests */ = {
			isa = PBXGroup;
			children = (
				2D7E0FFE1D20463100620461 /* CarWashTest */,
				2D7E0FFF1D20463100620461 /* CreatureTest */,
			);
			path = Tests;
			sourceTree = "<group>";
		};
		2D7E0FFE1D20463100620461 /* CarWashTest */ = {
			isa = PBXGroup;
			children = (
			);
			path = CarWashTest;
			sourceTree = "<group>";
		};
		2D7E0FFF1D20463100620461 /* CreatureTest */ = {
			isa = PBXGroup;
			children = (
			);
			path = CreatureTest;
			sourceTree = "<group>";
		};
		2DE716D01D2168AA00562950 /* Protocols */ = {
			isa = PBXGroup;
			children = (
				2DE716D11D2168AA00562950 /* BPVMoneyFlow.h */,
				2DE716D21D2168AA00562950 /* BPVWorkersDelegate.h */,
			);
			path = Protocols;
			sourceTree = "<group>";
		};
		2DE716D81D2272B600562950 /* BPVObservableObject */ = {
			isa = PBXGroup;
			children = (
				2DE716D91D2272B600562950 /* BPVObservableObject.h */,
				2DE716DA1D2272B600562950 /* BPVObservableObject.m */,
			);
			path = BPVObservableObject;
			sourceTree = "<group>";
		};
		2DE716DF1D22C0B400562950 /* Reference */ = {
			isa = PBXGroup;
			children = (
				2DE716E01D22C0CD00562950 /* BPVReference.h */,
				2DE716E11D22C0CD00562950 /* BPVReference.m */,
				2DE716E41D22C0F000562950 /* BPVAssingReference.h */,
				2DE716E51D22C0F000562950 /* BPVAssingReference.m */,
				2DE716E81D22C10000562950 /* BPVCopyReference.h */,
				2DE716E91D22C10000562950 /* BPVCopyReference.m */,
				2DE716EC1D22C13100562950 /* BPVRetainReference.h */,
				2DE716ED1D22C13100562950 /* BPVRetainReference.m */,
			);
			path = Reference;
			sourceTree = "<group>";
		};
		2DEFC43E1D37B1A20025C7B9 /* Dispatchers */ = {
			isa = PBXGroup;
			children = (
				2DEFC43F1D37B1DF0025C7B9 /* BPVWorkersDispatcher.h */,
				2DEFC4401D37B1DF0025C7B9 /* BPVWorkersDispatcher.m */,
				2DEFC4471D38E4880025C7B9 /* BPVComplexDispatcher.h */,
				2DEFC4481D38E4880025C7B9 /* BPVComplexDispatcher.m */,
			);
			name = Dispatchers;
			path = BPVObjectiveC/Sources/CarWash/Dispatchers;
			sourceTree = SOURCE_ROOT;
		};
		2DEFC44A1D3CEE480025C7B9 /* GCD */ = {
			isa = PBXGroup;
			children = (
				2DEFC44B1D3CEE7E0025C7B9 /* BPVGCD.h */,
				2DEFC44C1D3CEE7E0025C7B9 /* BPVGCD.m */,
			);
			path = GCD;
			sourceTree = "<group>";
		};
		403D26315F435E94D2E417E3 /* Pods */ = {
			isa = PBXGroup;
			children = (
				49FF2E6285CB975692737E08 /* Pods-ObjectiveCTests.debug.xcconfig */,
				58C5E08252656B7E6D831DCE /* Pods-ObjectiveCTests.release.xcconfig */,
			);
			name = Pods;
			sourceTree = "<group>";
		};
		6694D8F27E2D2AAF5D326A11 /* Frameworks */ = {
			isa = PBXGroup;
			children = (
				5EEAF618C12477490D1782A7 /* libPods-ObjectiveCTests.a */,
			);
			name = Frameworks;
			sourceTree = "<group>";
		};
/* End PBXGroup section */

/* Begin PBXNativeTarget section */
		2D7E0DFC1D0ACB1600620461 /* BPVObjectiveC */ = {
			isa = PBXNativeTarget;
			buildConfigurationList = 2D7E0E041D0ACB1600620461 /* Build configuration list for PBXNativeTarget "BPVObjectiveC" */;
			buildPhases = (
				2D7E0DF91D0ACB1600620461 /* Sources */,
				2D7E0DFA1D0ACB1600620461 /* Frameworks */,
				2D7E0DFB1D0ACB1600620461 /* CopyFiles */,
			);
			buildRules = (
			);
			dependencies = (
			);
			name = BPVObjectiveC;
			productName = BPVObjectiveC;
			productReference = 2D7E0DFD1D0ACB1600620461 /* BPVObjectiveC */;
			productType = "com.apple.product-type.tool";
		};
		2D7E0F521D2043E200620461 /* ObjectiveCTests */ = {
			isa = PBXNativeTarget;
			buildConfigurationList = 2D7E0F581D2043E200620461 /* Build configuration list for PBXNativeTarget "ObjectiveCTests" */;
			buildPhases = (
				695FA9067568DA780B5683D1 /* [CP] Check Pods Manifest.lock */,
				2D7E0F4F1D2043E200620461 /* Sources */,
				2D7E0F501D2043E200620461 /* Frameworks */,
				2D7E0F511D2043E200620461 /* Resources */,
				D86CC450C2C93145E99F0574 /* [CP] Embed Pods Frameworks */,
				5A5E96FBEE2F8BF27D037F62 /* [CP] Copy Pods Resources */,
			);
			buildRules = (
			);
			dependencies = (
			);
			name = ObjectiveCTests;
			productName = ObjectiveCTests;
			productReference = 2D7E0F531D2043E200620461 /* ObjectiveCTests.xctest */;
			productType = "com.apple.product-type.bundle.unit-test";
		};
/* End PBXNativeTarget section */

/* Begin PBXProject section */
		2D7E0DF51D0ACB1600620461 /* Project object */ = {
			isa = PBXProject;
			attributes = {
				LastUpgradeCheck = 0730;
				ORGANIZATIONNAME = "Pavel Bondar";
				TargetAttributes = {
					2D7E0DFC1D0ACB1600620461 = {
						CreatedOnToolsVersion = 7.3;
					};
					2D7E0F521D2043E200620461 = {
						CreatedOnToolsVersion = 7.3;
					};
				};
			};
			buildConfigurationList = 2D7E0DF81D0ACB1600620461 /* Build configuration list for PBXProject "BPVObjectiveC" */;
			compatibilityVersion = "Xcode 3.2";
			developmentRegion = English;
			hasScannedForEncodings = 0;
			knownRegions = (
				en,
			);
			mainGroup = 2D7E0DF41D0ACB1600620461;
			productRefGroup = 2D7E0DFE1D0ACB1600620461 /* Products */;
			projectDirPath = "";
			projectRoot = "";
			targets = (
				2D7E0DFC1D0ACB1600620461 /* BPVObjectiveC */,
				2D7E0F521D2043E200620461 /* ObjectiveCTests */,
			);
		};
/* End PBXProject section */

/* Begin PBXResourcesBuildPhase section */
		2D7E0F511D2043E200620461 /* Resources */ = {
			isa = PBXResourcesBuildPhase;
			buildActionMask = 2147483647;
			files = (
				2DE716DE1D227D9000562950 /* Info.plist in Resources */,
			);
			runOnlyForDeploymentPostprocessing = 0;
		};
/* End PBXResourcesBuildPhase section */

/* Begin PBXShellScriptBuildPhase section */
		5A5E96FBEE2F8BF27D037F62 /* [CP] Copy Pods Resources */ = {
			isa = PBXShellScriptBuildPhase;
			buildActionMask = 2147483647;
			files = (
			);
			inputPaths = (
			);
			name = "[CP] Copy Pods Resources";
			outputPaths = (
			);
			runOnlyForDeploymentPostprocessing = 0;
			shellPath = /bin/sh;
			shellScript = "\"${SRCROOT}/Pods/Target Support Files/Pods-ObjectiveCTests/Pods-ObjectiveCTests-resources.sh\"\n";
			showEnvVarsInLog = 0;
		};
		695FA9067568DA780B5683D1 /* [CP] Check Pods Manifest.lock */ = {
			isa = PBXShellScriptBuildPhase;
			buildActionMask = 2147483647;
			files = (
			);
			inputPaths = (
			);
			name = "[CP] Check Pods Manifest.lock";
			outputPaths = (
			);
			runOnlyForDeploymentPostprocessing = 0;
			shellPath = /bin/sh;
			shellScript = "diff \"${PODS_ROOT}/../Podfile.lock\" \"${PODS_ROOT}/Manifest.lock\" > /dev/null\nif [[ $? != 0 ]] ; then\n    cat << EOM\nerror: The sandbox is not in sync with the Podfile.lock. Run 'pod install' or update your CocoaPods installation.\nEOM\n    exit 1\nfi\n";
			showEnvVarsInLog = 0;
		};
		D86CC450C2C93145E99F0574 /* [CP] Embed Pods Frameworks */ = {
			isa = PBXShellScriptBuildPhase;
			buildActionMask = 2147483647;
			files = (
			);
			inputPaths = (
			);
			name = "[CP] Embed Pods Frameworks";
			outputPaths = (
			);
			runOnlyForDeploymentPostprocessing = 0;
			shellPath = /bin/sh;
			shellScript = "\"${SRCROOT}/Pods/Target Support Files/Pods-ObjectiveCTests/Pods-ObjectiveCTests-frameworks.sh\"\n";
			showEnvVarsInLog = 0;
		};
/* End PBXShellScriptBuildPhase section */

/* Begin PBXSourcesBuildPhase section */
		2D7E0DF91D0ACB1600620461 /* Sources */ = {
			isa = PBXSourcesBuildPhase;
			buildActionMask = 2147483647;
			files = (
				2D7E100E1D20463100620461 /* BPVCar.m in Sources */,
				2D7E10101D20463100620461 /* BPVComplex.m in Sources */,
				2D7E101E1D20463100620461 /* BPVWorker.m in Sources */,
				2D7E10021D20463100620461 /* BPVAlphabet.m in Sources */,
				2DE716DB1D2272B600562950 /* BPVObservableObject.m in Sources */,
				2DE716E21D22C0CD00562950 /* BPVReference.m in Sources */,
				2D7E101A1D20463100620461 /* BPVDirector.m in Sources */,
				2D7E10241D20463100620461 /* BPVCreature.m in Sources */,
				2D7E10001D20463100620461 /* main.m in Sources */,
				2DE716EE1D22C13100562950 /* BPVRetainReference.m in Sources */,
				2D7E10181D20463100620461 /* BPVAccountant.m in Sources */,
				2DEFC44D1D3CEE7E0025C7B9 /* BPVGCD.m in Sources */,
				2D7E10221D20463100620461 /* NSObject+BPVExtensions.m in Sources */,
				2DEFC4491D38E4880025C7B9 /* BPVComplexDispatcher.m in Sources */,
				2D7E101C1D20463100620461 /* BPVWasher.m in Sources */,
				2DEFC4411D37B1DF0025C7B9 /* BPVWorkersDispatcher.m in Sources */,
				2D7E10061D20463100620461 /* BPVClusterAlphabet.m in Sources */,
				2D7E10261D20463100620461 /* BPVCreatureFemale.m in Sources */,
				2D7E10281D20463100620461 /* BPVCreatureMale.m in Sources */,
				2DE716EA1D22C10000562950 /* BPVCopyReference.m in Sources */,
				2D7E10121D20463100620461 /* BPVQueue.m in Sources */,
				2D7E10081D20463100620461 /* BPVRangeAlphabet.m in Sources */,
				2DE716E61D22C0F000562950 /* BPVAssingReference.m in Sources */,
				2D7E10201D20463100620461 /* NSArray+BPVExtensions.m in Sources */,
				2D7E10041D20463100620461 /* NSString+BPVExtensions.m in Sources */,
				2D7E100A1D20463100620461 /* BPVStringsAlphabet.m in Sources */,
			);
			runOnlyForDeploymentPostprocessing = 0;
		};
		2D7E0F4F1D2043E200620461 /* Sources */ = {
			isa = PBXSourcesBuildPhase;
			buildActionMask = 2147483647;
			files = (
				2D7E100F1D20463100620461 /* BPVCar.m in Sources */,
				2D7E10111D20463100620461 /* BPVComplex.m in Sources */,
				2DEFC44E1D3CEE7E0025C7B9 /* BPVGCD.m in Sources */,
				2D7E101F1D20463100620461 /* BPVWorker.m in Sources */,
				2DE716DC1D2272B600562950 /* BPVObservableObject.m in Sources */,
				2D7E101B1D20463100620461 /* BPVDirector.m in Sources */,
				2DE716E31D22C0CD00562950 /* BPVReference.m in Sources */,
				2D7E10251D20463100620461 /* BPVCreature.m in Sources */,
				2D7E10191D20463100620461 /* BPVAccountant.m in Sources */,
				2DE716D71D2271D900562950 /* BPVAlphabet.m in Sources */,
				2DE716EF1D22C13100562950 /* BPVRetainReference.m in Sources */,
				2D7E10231D20463100620461 /* NSObject+BPVExtensions.m in Sources */,
				2D7E101D1D20463100620461 /* BPVWasher.m in Sources */,
				2DE716CB1D204E1100562950 /* BPVClusterAlphabet.m in Sources */,
				2DEFC4421D37B1DF0025C7B9 /* BPVWorkersDispatcher.m in Sources */,
				2D7E10271D20463100620461 /* BPVCreatureFemale.m in Sources */,
				2D7E10291D20463100620461 /* BPVCreatureMale.m in Sources */,
				2D7E10131D20463100620461 /* BPVQueue.m in Sources */,
				2DE716EB1D22C10000562950 /* BPVCopyReference.m in Sources */,
				2D7E10091D20463100620461 /* BPVRangeAlphabet.m in Sources */,
				2D7E10211D20463100620461 /* NSArray+BPVExtensions.m in Sources */,
				2DE716E71D22C0F000562950 /* BPVAssingReference.m in Sources */,
				2D575B8A1D20489E00C347D5 /* BPVAlphabetSpec.m in Sources */,
				2DE716CC1D204E1600562950 /* NSString+BPVExtensions.m in Sources */,
				2D7E100B1D20463100620461 /* BPVStringsAlphabet.m in Sources */,
			);
			runOnlyForDeploymentPostprocessing = 0;
		};
/* End PBXSourcesBuildPhase section */

/* Begin XCBuildConfiguration section */
		2D7E0E021D0ACB1600620461 /* Debug */ = {
			isa = XCBuildConfiguration;
			buildSettings = {
				ALWAYS_SEARCH_USER_PATHS = NO;
				CLANG_ANALYZER_NONNULL = YES;
				CLANG_CXX_LANGUAGE_STANDARD = "gnu++0x";
				CLANG_CXX_LIBRARY = "libc++";
				CLANG_ENABLE_MODULES = YES;
				CLANG_ENABLE_OBJC_ARC = YES;
				CLANG_WARN_BOOL_CONVERSION = YES;
				CLANG_WARN_CONSTANT_CONVERSION = YES;
				CLANG_WARN_DIRECT_OBJC_ISA_USAGE = YES_ERROR;
				CLANG_WARN_EMPTY_BODY = YES;
				CLANG_WARN_ENUM_CONVERSION = YES;
				CLANG_WARN_INT_CONVERSION = YES;
				CLANG_WARN_OBJC_ROOT_CLASS = YES_ERROR;
				CLANG_WARN_UNREACHABLE_CODE = YES;
				CLANG_WARN__DUPLICATE_METHOD_MATCH = YES;
				CODE_SIGN_IDENTITY = "-";
				COPY_PHASE_STRIP = NO;
				DEBUG_INFORMATION_FORMAT = dwarf;
				ENABLE_STRICT_OBJC_MSGSEND = YES;
				ENABLE_TESTABILITY = YES;
				GCC_C_LANGUAGE_STANDARD = gnu99;
				GCC_DYNAMIC_NO_PIC = NO;
				GCC_NO_COMMON_BLOCKS = YES;
				GCC_OPTIMIZATION_LEVEL = 0;
				GCC_PREPROCESSOR_DEFINITIONS = (
					"DEBUG=1",
					"$(inherited)",
				);
				GCC_WARN_64_TO_32_BIT_CONVERSION = YES;
				GCC_WARN_ABOUT_RETURN_TYPE = YES_ERROR;
				GCC_WARN_UNDECLARED_SELECTOR = YES;
				GCC_WARN_UNINITIALIZED_AUTOS = YES_AGGRESSIVE;
				GCC_WARN_UNUSED_FUNCTION = YES;
				GCC_WARN_UNUSED_VARIABLE = YES;
				MACOSX_DEPLOYMENT_TARGET = 10.10;
				MTL_ENABLE_DEBUG_INFO = YES;
				ONLY_ACTIVE_ARCH = YES;
				SDKROOT = macosx;
			};
			name = Debug;
		};
		2D7E0E031D0ACB1600620461 /* Release */ = {
			isa = XCBuildConfiguration;
			buildSettings = {
				ALWAYS_SEARCH_USER_PATHS = NO;
				CLANG_ANALYZER_NONNULL = YES;
				CLANG_CXX_LANGUAGE_STANDARD = "gnu++0x";
				CLANG_CXX_LIBRARY = "libc++";
				CLANG_ENABLE_MODULES = YES;
				CLANG_ENABLE_OBJC_ARC = YES;
				CLANG_WARN_BOOL_CONVERSION = YES;
				CLANG_WARN_CONSTANT_CONVERSION = YES;
				CLANG_WARN_DIRECT_OBJC_ISA_USAGE = YES_ERROR;
				CLANG_WARN_EMPTY_BODY = YES;
				CLANG_WARN_ENUM_CONVERSION = YES;
				CLANG_WARN_INT_CONVERSION = YES;
				CLANG_WARN_OBJC_ROOT_CLASS = YES_ERROR;
				CLANG_WARN_UNREACHABLE_CODE = YES;
				CLANG_WARN__DUPLICATE_METHOD_MATCH = YES;
				CODE_SIGN_IDENTITY = "-";
				COPY_PHASE_STRIP = NO;
				DEBUG_INFORMATION_FORMAT = "dwarf-with-dsym";
				ENABLE_NS_ASSERTIONS = NO;
				ENABLE_STRICT_OBJC_MSGSEND = YES;
				GCC_C_LANGUAGE_STANDARD = gnu99;
				GCC_NO_COMMON_BLOCKS = YES;
				GCC_WARN_64_TO_32_BIT_CONVERSION = YES;
				GCC_WARN_ABOUT_RETURN_TYPE = YES_ERROR;
				GCC_WARN_UNDECLARED_SELECTOR = YES;
				GCC_WARN_UNINITIALIZED_AUTOS = YES_AGGRESSIVE;
				GCC_WARN_UNUSED_FUNCTION = YES;
				GCC_WARN_UNUSED_VARIABLE = YES;
				MACOSX_DEPLOYMENT_TARGET = 10.10;
				MTL_ENABLE_DEBUG_INFO = NO;
				SDKROOT = macosx;
			};
			name = Release;
		};
		2D7E0E051D0ACB1600620461 /* Debug */ = {
			isa = XCBuildConfiguration;
			buildSettings = {
				CLANG_ENABLE_OBJC_ARC = NO;
				MACOSX_DEPLOYMENT_TARGET = 10.10;
				PRODUCT_NAME = "$(TARGET_NAME)";
			};
			name = Debug;
		};
		2D7E0E061D0ACB1600620461 /* Release */ = {
			isa = XCBuildConfiguration;
			buildSettings = {
				CLANG_ENABLE_OBJC_ARC = NO;
				MACOSX_DEPLOYMENT_TARGET = 10.10;
				PRODUCT_NAME = "$(TARGET_NAME)";
			};
			name = Release;
		};
		2D7E0F591D2043E200620461 /* Debug */ = {
			isa = XCBuildConfiguration;
			baseConfigurationReference = 49FF2E6285CB975692737E08 /* Pods-ObjectiveCTests.debug.xcconfig */;
			buildSettings = {
				COMBINE_HIDPI_IMAGES = YES;
				INFOPLIST_FILE = ObjectiveCTests/Info.plist;
				LD_RUNPATH_SEARCH_PATHS = "$(inherited) @executable_path/../Frameworks @loader_path/../Frameworks";
				PRODUCT_BUNDLE_IDENTIFIER = pavelbondar.ObjectiveCTests;
				PRODUCT_NAME = "$(TARGET_NAME)";
			};
			name = Debug;
		};
		2D7E0F5A1D2043E200620461 /* Release */ = {
			isa = XCBuildConfiguration;
			baseConfigurationReference = 58C5E08252656B7E6D831DCE /* Pods-ObjectiveCTests.release.xcconfig */;
			buildSettings = {
				COMBINE_HIDPI_IMAGES = YES;
				INFOPLIST_FILE = ObjectiveCTests/Info.plist;
				LD_RUNPATH_SEARCH_PATHS = "$(inherited) @executable_path/../Frameworks @loader_path/../Frameworks";
				PRODUCT_BUNDLE_IDENTIFIER = pavelbondar.ObjectiveCTests;
				PRODUCT_NAME = "$(TARGET_NAME)";
			};
			name = Release;
		};
/* End XCBuildConfiguration section */

/* Begin XCConfigurationList section */
		2D7E0DF81D0ACB1600620461 /* Build configuration list for PBXProject "BPVObjectiveC" */ = {
			isa = XCConfigurationList;
			buildConfigurations = (
				2D7E0E021D0ACB1600620461 /* Debug */,
				2D7E0E031D0ACB1600620461 /* Release */,
			);
			defaultConfigurationIsVisible = 0;
			defaultConfigurationName = Release;
		};
		2D7E0E041D0ACB1600620461 /* Build configuration list for PBXNativeTarget "BPVObjectiveC" */ = {
			isa = XCConfigurationList;
			buildConfigurations = (
				2D7E0E051D0ACB1600620461 /* Debug */,
				2D7E0E061D0ACB1600620461 /* Release */,
			);
			defaultConfigurationIsVisible = 0;
			defaultConfigurationName = Release;
		};
		2D7E0F581D2043E200620461 /* Build configuration list for PBXNativeTarget "ObjectiveCTests" */ = {
			isa = XCConfigurationList;
			buildConfigurations = (
				2D7E0F591D2043E200620461 /* Debug */,
				2D7E0F5A1D2043E200620461 /* Release */,
			);
			defaultConfigurationIsVisible = 0;
			defaultConfigurationName = Release;
		};
/* End XCConfigurationList section */
	};
	rootObject = 2D7E0DF51D0ACB1600620461 /* Project object */;
}
