// !$*UTF8*$!
{
	archiveVersion = 1;
	classes = {
	};
	objectVersion = 46;
	objects = {

/* Begin PBXBuildFile section */
		2D7E0E011D0ACB1600620461 /* main.m in Sources */ = {isa = PBXBuildFile; fileRef = 2D7E0E001D0ACB1600620461 /* main.m */; };
		2D7E0E131D0ACC2E00620461 /* NSObject+BPVExtensions.m in Sources */ = {isa = PBXBuildFile; fileRef = 2D7E0E0B1D0ACC2E00620461 /* NSObject+BPVExtensions.m */; };
		2D7E0E141D0ACC2E00620461 /* BPVCreature.m in Sources */ = {isa = PBXBuildFile; fileRef = 2D7E0E0E1D0ACC2E00620461 /* BPVCreature.m */; };
		2D7E0E151D0ACC2E00620461 /* BPVCreatureFemale.m in Sources */ = {isa = PBXBuildFile; fileRef = 2D7E0E101D0ACC2E00620461 /* BPVCreatureFemale.m */; };
		2D7E0E161D0ACC2E00620461 /* BPVCreatureMale.m in Sources */ = {isa = PBXBuildFile; fileRef = 2D7E0E121D0ACC2E00620461 /* BPVCreatureMale.m */; };
/* End PBXBuildFile section */

/* Begin PBXCopyFilesBuildPhase section */
		2D7E0DFB1D0ACB1600620461 /* CopyFiles */ = {
			isa = PBXCopyFilesBuildPhase;
			buildActionMask = 2147483647;
			dstPath = /usr/share/man/man1/;
			dstSubfolderSpec = 0;
			files = (
			);
			runOnlyForDeploymentPostprocessing = 1;
		};
/* End PBXCopyFilesBuildPhase section */

/* Begin PBXFileReference section */
		2D7E0DFD1D0ACB1600620461 /* BPVObjectiveC */ = {isa = PBXFileReference; explicitFileType = "compiled.mach-o.executable"; includeInIndex = 0; path = BPVObjectiveC; sourceTree = BUILT_PRODUCTS_DIR; };
		2D7E0E001D0ACB1600620461 /* main.m */ = {isa = PBXFileReference; lastKnownFileType = sourcecode.c.objc; path = main.m; sourceTree = "<group>"; };
		2D7E0E0A1D0ACC2E00620461 /* NSObject+BPVExtensions.h */ = {isa = PBXFileReference; fileEncoding = 4; lastKnownFileType = sourcecode.c.h; path = "NSObject+BPVExtensions.h"; sourceTree = "<group>"; };
		2D7E0E0B1D0ACC2E00620461 /* NSObject+BPVExtensions.m */ = {isa = PBXFileReference; fileEncoding = 4; lastKnownFileType = sourcecode.c.objc; path = "NSObject+BPVExtensions.m"; sourceTree = "<group>"; };
		2D7E0E0D1D0ACC2E00620461 /* BPVCreature.h */ = {isa = PBXFileReference; fileEncoding = 4; lastKnownFileType = sourcecode.c.h; path = BPVCreature.h; sourceTree = "<group>"; };
		2D7E0E0E1D0ACC2E00620461 /* BPVCreature.m */ = {isa = PBXFileReference; fileEncoding = 4; lastKnownFileType = sourcecode.c.objc; path = BPVCreature.m; sourceTree = "<group>"; };
		2D7E0E0F1D0ACC2E00620461 /* BPVCreatureFemale.h */ = {isa = PBXFileReference; fileEncoding = 4; lastKnownFileType = sourcecode.c.h; path = BPVCreatureFemale.h; sourceTree = "<group>"; };
		2D7E0E101D0ACC2E00620461 /* BPVCreatureFemale.m */ = {isa = PBXFileReference; fileEncoding = 4; lastKnownFileType = sourcecode.c.objc; path = BPVCreatureFemale.m; sourceTree = "<group>"; };
		2D7E0E111D0ACC2E00620461 /* BPVCreatureMale.h */ = {isa = PBXFileReference; fileEncoding = 4; lastKnownFileType = sourcecode.c.h; path = BPVCreatureMale.h; sourceTree = "<group>"; };
		2D7E0E121D0ACC2E00620461 /* BPVCreatureMale.m */ = {isa = PBXFileReference; fileEncoding = 4; lastKnownFileType = sourcecode.c.objc; path = BPVCreatureMale.m; sourceTree = "<group>"; };
/* End PBXFileReference section */

/* Begin PBXFrameworksBuildPhase section */
		2D7E0DFA1D0ACB1600620461 /* Frameworks */ = {
			isa = PBXFrameworksBuildPhase;
			buildActionMask = 2147483647;
			files = (
			);
			runOnlyForDeploymentPostprocessing = 0;
		};
/* End PBXFrameworksBuildPhase section */

/* Begin PBXGroup section */
		2D7E0DF41D0ACB1600620461 = {
			isa = PBXGroup;
			children = (
				2D7E0DFF1D0ACB1600620461 /* BPVObjectiveC */,
				2D7E0DFE1D0ACB1600620461 /* Products */,
			);
			sourceTree = "<group>";
		};
		2D7E0DFE1D0ACB1600620461 /* Products */ = {
			isa = PBXGroup;
			children = (
				2D7E0DFD1D0ACB1600620461 /* BPVObjectiveC */,
			);
			name = Products;
			sourceTree = "<group>";
		};
		2D7E0DFF1D0ACB1600620461 /* BPVObjectiveC */ = {
			isa = PBXGroup;
			children = (
				2D7E0E071D0ACC2E00620461 /* Sources */,
				2D7E0E001D0ACB1600620461 /* main.m */,
			);
			path = BPVObjectiveC;
			sourceTree = "<group>";
		};
		2D7E0E071D0ACC2E00620461 /* Sources */ = {
			isa = PBXGroup;
			children = (
				2D7E0E081D0ACC2E00620461 /* CarWash */,
				2D7E0E091D0ACC2E00620461 /* Category */,
				2D7E0E0C1D0ACC2E00620461 /* Creature */,
			);
			path = Sources;
			sourceTree = "<group>";
		};
		2D7E0E081D0ACC2E00620461 /* CarWash */ = {
			isa = PBXGroup;
			children = (
			);
			path = CarWash;
			sourceTree = "<group>";
		};
		2D7E0E091D0ACC2E00620461 /* Category */ = {
			isa = PBXGroup;
			children = (
				2D7E0E0A1D0ACC2E00620461 /* NSObject+BPVExtensions.h */,
				2D7E0E0B1D0ACC2E00620461 /* NSObject+BPVExtensions.m */,
			);
			path = Category;
			sourceTree = "<group>";
		};
		2D7E0E0C1D0ACC2E00620461 /* Creature */ = {
			isa = PBXGroup;
			children = (
				2D7E0E0D1D0ACC2E00620461 /* BPVCreature.h */,
				2D7E0E0E1D0ACC2E00620461 /* BPVCreature.m */,
				2D7E0E0F1D0ACC2E00620461 /* BPVCreatureFemale.h */,
				2D7E0E101D0ACC2E00620461 /* BPVCreatureFemale.m */,
				2D7E0E111D0ACC2E00620461 /* BPVCreatureMale.h */,
				2D7E0E121D0ACC2E00620461 /* BPVCreatureMale.m */,
			);
			path = Creature;
			sourceTree = "<group>";
		};
/* End PBXGroup section */

/* Begin PBXNativeTarget section */
		2D7E0DFC1D0ACB1600620461 /* BPVObjectiveC */ = {
			isa = PBXNativeTarget;
			buildConfigurationList = 2D7E0E041D0ACB1600620461 /* Build configuration list for PBXNativeTarget "BPVObjectiveC" */;
			buildPhases = (
				2D7E0DF91D0ACB1600620461 /* Sources */,
				2D7E0DFA1D0ACB1600620461 /* Frameworks */,
				2D7E0DFB1D0ACB1600620461 /* CopyFiles */,
			);
			buildRules = (
			);
			dependencies = (
			);
			name = BPVObjectiveC;
			productName = BPVObjectiveC;
			productReference = 2D7E0DFD1D0ACB1600620461 /* BPVObjectiveC */;
			productType = "com.apple.product-type.tool";
		};
/* End PBXNativeTarget section */

/* Begin PBXProject section */
		2D7E0DF51D0ACB1600620461 /* Project object */ = {
			isa = PBXProject;
			attributes = {
				LastUpgradeCheck = 0730;
				ORGANIZATIONNAME = "Pavel Bondar";
				TargetAttributes = {
					2D7E0DFC1D0ACB1600620461 = {
						CreatedOnToolsVersion = 7.3;
					};
				};
			};
			buildConfigurationList = 2D7E0DF81D0ACB1600620461 /* Build configuration list for PBXProject "BPVObjectiveC" */;
			compatibilityVersion = "Xcode 3.2";
			developmentRegion = English;
			hasScannedForEncodings = 0;
			knownRegions = (
				en,
			);
			mainGroup = 2D7E0DF41D0ACB1600620461;
			productRefGroup = 2D7E0DFE1D0ACB1600620461 /* Products */;
			projectDirPath = "";
			projectRoot = "";
			targets = (
				2D7E0DFC1D0ACB1600620461 /* BPVObjectiveC */,
			);
		};
/* End PBXProject section */

/* Begin PBXSourcesBuildPhase section */
		2D7E0DF91D0ACB1600620461 /* Sources */ = {
			isa = PBXSourcesBuildPhase;
			buildActionMask = 2147483647;
			files = (
				2D7E0E131D0ACC2E00620461 /* NSObject+BPVExtensions.m in Sources */,
				2D7E0E141D0ACC2E00620461 /* BPVCreature.m in Sources */,
				2D7E0E161D0ACC2E00620461 /* BPVCreatureMale.m in Sources */,
				2D7E0E011D0ACB1600620461 /* main.m in Sources */,
				2D7E0E151D0ACC2E00620461 /* BPVCreatureFemale.m in Sources */,
			);
			runOnlyForDeploymentPostprocessing = 0;
		};
/* End PBXSourcesBuildPhase section */

/* Begin XCBuildConfiguration section */
		2D7E0E021D0ACB1600620461 /* Debug */ = {
			isa = XCBuildConfiguration;
			buildSettings = {
				ALWAYS_SEARCH_USER_PATHS = NO;
				CLANG_ANALYZER_NONNULL = YES;
				CLANG_CXX_LANGUAGE_STANDARD = "gnu++0x";
				CLANG_CXX_LIBRARY = "libc++";
				CLANG_ENABLE_MODULES = YES;
				CLANG_ENABLE_OBJC_ARC = YES;
				CLANG_WARN_BOOL_CONVERSION = YES;
				CLANG_WARN_CONSTANT_CONVERSION = YES;
				CLANG_WARN_DIRECT_OBJC_ISA_USAGE = YES_ERROR;
				CLANG_WARN_EMPTY_BODY = YES;
				CLANG_WARN_ENUM_CONVERSION = YES;
				CLANG_WARN_INT_CONVERSION = YES;
				CLANG_WARN_OBJC_ROOT_CLASS = YES_ERROR;
				CLANG_WARN_UNREACHABLE_CODE = YES;
				CLANG_WARN__DUPLICATE_METHOD_MATCH = YES;
				CODE_SIGN_IDENTITY = "-";
				COPY_PHASE_STRIP = NO;
				DEBUG_INFORMATION_FORMAT = dwarf;
				ENABLE_STRICT_OBJC_MSGSEND = YES;
				ENABLE_TESTABILITY = YES;
				GCC_C_LANGUAGE_STANDARD = gnu99;
				GCC_DYNAMIC_NO_PIC = NO;
				GCC_NO_COMMON_BLOCKS = YES;
				GCC_OPTIMIZATION_LEVEL = 0;
				GCC_PREPROCESSOR_DEFINITIONS = (
					"DEBUG=1",
					"$(inherited)",
				);
				GCC_WARN_64_TO_32_BIT_CONVERSION = YES;
				GCC_WARN_ABOUT_RETURN_TYPE = YES_ERROR;
				GCC_WARN_UNDECLARED_SELECTOR = YES;
				GCC_WARN_UNINITIALIZED_AUTOS = YES_AGGRESSIVE;
				GCC_WARN_UNUSED_FUNCTION = YES;
				GCC_WARN_UNUSED_VARIABLE = YES;
				MACOSX_DEPLOYMENT_TARGET = 10.11;
				MTL_ENABLE_DEBUG_INFO = YES;
				ONLY_ACTIVE_ARCH = YES;
				SDKROOT = macosx;
			};
			name = Debug;
		};
		2D7E0E031D0ACB1600620461 /* Release */ = {
			isa = XCBuildConfiguration;
			buildSettings = {
				ALWAYS_SEARCH_USER_PATHS = NO;
				CLANG_ANALYZER_NONNULL = YES;
				CLANG_CXX_LANGUAGE_STANDARD = "gnu++0x";
				CLANG_CXX_LIBRARY = "libc++";
				CLANG_ENABLE_MODULES = YES;
				CLANG_ENABLE_OBJC_ARC = YES;
				CLANG_WARN_BOOL_CONVERSION = YES;
				CLANG_WARN_CONSTANT_CONVERSION = YES;
				CLANG_WARN_DIRECT_OBJC_ISA_USAGE = YES_ERROR;
				CLANG_WARN_EMPTY_BODY = YES;
				CLANG_WARN_ENUM_CONVERSION = YES;
				CLANG_WARN_INT_CONVERSION = YES;
				CLANG_WARN_OBJC_ROOT_CLASS = YES_ERROR;
				CLANG_WARN_UNREACHABLE_CODE = YES;
				CLANG_WARN__DUPLICATE_METHOD_MATCH = YES;
				CODE_SIGN_IDENTITY = "-";
				COPY_PHASE_STRIP = NO;
				DEBUG_INFORMATION_FORMAT = "dwarf-with-dsym";
				ENABLE_NS_ASSERTIONS = NO;
				ENABLE_STRICT_OBJC_MSGSEND = YES;
				GCC_C_LANGUAGE_STANDARD = gnu99;
				GCC_NO_COMMON_BLOCKS = YES;
				GCC_WARN_64_TO_32_BIT_CONVERSION = YES;
				GCC_WARN_ABOUT_RETURN_TYPE = YES_ERROR;
				GCC_WARN_UNDECLARED_SELECTOR = YES;
				GCC_WARN_UNINITIALIZED_AUTOS = YES_AGGRESSIVE;
				GCC_WARN_UNUSED_FUNCTION = YES;
				GCC_WARN_UNUSED_VARIABLE = YES;
				MACOSX_DEPLOYMENT_TARGET = 10.11;
				MTL_ENABLE_DEBUG_INFO = NO;
				SDKROOT = macosx;
			};
			name = Release;
		};
		2D7E0E051D0ACB1600620461 /* Debug */ = {
			isa = XCBuildConfiguration;
			buildSettings = {
				CLANG_ENABLE_OBJC_ARC = NO;
				MACOSX_DEPLOYMENT_TARGET = 10.10;
				PRODUCT_NAME = "$(TARGET_NAME)";
			};
			name = Debug;
		};
		2D7E0E061D0ACB1600620461 /* Release */ = {
			isa = XCBuildConfiguration;
			buildSettings = {
				CLANG_ENABLE_OBJC_ARC = NO;
				MACOSX_DEPLOYMENT_TARGET = 10.10;
				PRODUCT_NAME = "$(TARGET_NAME)";
			};
			name = Release;
		};
/* End XCBuildConfiguration section */

/* Begin XCConfigurationList section */
		2D7E0DF81D0ACB1600620461 /* Build configuration list for PBXProject "BPVObjectiveC" */ = {
			isa = XCConfigurationList;
			buildConfigurations = (
				2D7E0E021D0ACB1600620461 /* Debug */,
				2D7E0E031D0ACB1600620461 /* Release */,
			);
			defaultConfigurationIsVisible = 0;
			defaultConfigurationName = Release;
		};
		2D7E0E041D0ACB1600620461 /* Build configuration list for PBXNativeTarget "BPVObjectiveC" */ = {
			isa = XCConfigurationList;
			buildConfigurations = (
				2D7E0E051D0ACB1600620461 /* Debug */,
				2D7E0E061D0ACB1600620461 /* Release */,
			);
			defaultConfigurationIsVisible = 0;
		};
/* End XCConfigurationList section */
	};
	rootObject = 2D7E0DF51D0ACB1600620461 /* Project object */;
}
